
Microsoft Visual Studio Solution File, Format Version 12.00
# Visual Studio 2012
Project("{FAE04EC0-301F-11D3-BF4B-00C04F79EFBC}") = "DBase", "DBase\DBase.csproj", "{085D8445-131F-46CB-82D1-C326D4C269DD}"
EndProject
Project("{FAE04EC0-301F-11D3-BF4B-00C04F79EFBC}") = "DBModel", "DBModel\DBModel.csproj", "{AD49F0E4-C27B-4C02-9520-039CE6AE48F9}"
EndProject
Project("{FAE04EC0-301F-11D3-BF4B-00C04F79EFBC}") = "GameServices", "GameServices\GameServices.csproj", "{644A9ACC-8DAD-4CD0-A0B4-786A470BD5DB}"
EndProject
Project("{FAE04EC0-301F-11D3-BF4B-00C04F79EFBC}") = "GameUI", "GameUI\GameUI.csproj", "{EA38AED8-9C67-4EEF-B240-37A779395E9A}"
EndProject
Project("{FAE04EC0-301F-11D3-BF4B-00C04F79EFBC}") = "NETCommon", "NETCommon\NETCommon.csproj", "{D997DE7A-0962-48BB-B52E-EB7937286DD1}"
EndProject
Project("{FAE04EC0-301F-11D3-BF4B-00C04F79EFBC}") = "GameCompute", "GameCompute\GameCompute.csproj", "{54EDFF10-759A-4A9D-913C-B040DBED2A17}"
EndProject
Project("{FAE04EC0-301F-11D3-BF4B-00C04F79EFBC}") = "GameLibrary", "GameLibrary\GameLibrary.csproj", "{4D467559-E35D-45BE-924C-2FC195DD8931}"
EndProject
Global
	GlobalSection(SolutionConfigurationPlatforms) = preSolution
		Debug|Any CPU = Debug|Any CPU
		Debug|Mixed Platforms = Debug|Mixed Platforms
		Debug|Win32 = Debug|Win32
		Debug|x64 = Debug|x64
		Release|Any CPU = Release|Any CPU
		Release|Mixed Platforms = Release|Mixed Platforms
		Release|Win32 = Release|Win32
		Release|x64 = Release|x64
	EndGlobalSection
	GlobalSection(ProjectConfigurationPlatforms) = postSolution
		{085D8445-131F-46CB-82D1-C326D4C269DD}.Debug|Any CPU.ActiveCfg = Debug|Any CPU
		{085D8445-131F-46CB-82D1-C326D4C269DD}.Debug|Any CPU.Build.0 = Debug|Any CPU
		{085D8445-131F-46CB-82D1-C326D4C269DD}.Debug|Mixed Platforms.ActiveCfg = Debug|x86
		{085D8445-131F-46CB-82D1-C326D4C269DD}.Debug|Mixed Platforms.Build.0 = Debug|x86
		{085D8445-131F-46CB-82D1-C326D4C269DD}.Debug|Win32.ActiveCfg = Debug|x86
		{085D8445-131F-46CB-82D1-C326D4C269DD}.Debug|Win32.Build.0 = Debug|x86
		{085D8445-131F-46CB-82D1-C326D4C269DD}.Debug|x64.ActiveCfg = Debug|x64
		{085D8445-131F-46CB-82D1-C326D4C269DD}.Debug|x64.Build.0 = Debug|x64
		{085D8445-131F-46CB-82D1-C326D4C269DD}.Release|Any CPU.ActiveCfg = Release|Any CPU
		{085D8445-131F-46CB-82D1-C326D4C269DD}.Release|Any CPU.Build.0 = Release|Any CPU
		{085D8445-131F-46CB-82D1-C326D4C269DD}.Release|Mixed Platforms.ActiveCfg = Release|x86
		{085D8445-131F-46CB-82D1-C326D4C269DD}.Release|Mixed Platforms.Build.0 = Release|x86
		{085D8445-131F-46CB-82D1-C326D4C269DD}.Release|Win32.ActiveCfg = Release|x86
		{085D8445-131F-46CB-82D1-C326D4C269DD}.Release|Win32.Build.0 = Release|x86
		{085D8445-131F-46CB-82D1-C326D4C269DD}.Release|x64.ActiveCfg = Release|x64
		{085D8445-131F-46CB-82D1-C326D4C269DD}.Release|x64.Build.0 = Release|x64
		{AD49F0E4-C27B-4C02-9520-039CE6AE48F9}.Debug|Any CPU.ActiveCfg = Debug|Any CPU
		{AD49F0E4-C27B-4C02-9520-039CE6AE48F9}.Debug|Any CPU.Build.0 = Debug|Any CPU
		{AD49F0E4-C27B-4C02-9520-039CE6AE48F9}.Debug|Mixed Platforms.ActiveCfg = Debug|x86
		{AD49F0E4-C27B-4C02-9520-039CE6AE48F9}.Debug|Mixed Platforms.Build.0 = Debug|x86
		{AD49F0E4-C27B-4C02-9520-039CE6AE48F9}.Debug|Win32.ActiveCfg = Debug|x86
		{AD49F0E4-C27B-4C02-9520-039CE6AE48F9}.Debug|Win32.Build.0 = Debug|x86
		{AD49F0E4-C27B-4C02-9520-039CE6AE48F9}.Debug|x64.ActiveCfg = Debug|x64
		{AD49F0E4-C27B-4C02-9520-039CE6AE48F9}.Debug|x64.Build.0 = Debug|x64
		{AD49F0E4-C27B-4C02-9520-039CE6AE48F9}.Release|Any CPU.ActiveCfg = Release|Any CPU
		{AD49F0E4-C27B-4C02-9520-039CE6AE48F9}.Release|Any CPU.Build.0 = Release|Any CPU
		{AD49F0E4-C27B-4C02-9520-039CE6AE48F9}.Release|Mixed Platforms.ActiveCfg = Release|x86
		{AD49F0E4-C27B-4C02-9520-039CE6AE48F9}.Release|Mixed Platforms.Build.0 = Release|x86
		{AD49F0E4-C27B-4C02-9520-039CE6AE48F9}.Release|Win32.ActiveCfg = Release|x86
		{AD49F0E4-C27B-4C02-9520-039CE6AE48F9}.Release|Win32.Build.0 = Release|x86
		{AD49F0E4-C27B-4C02-9520-039CE6AE48F9}.Release|x64.ActiveCfg = Release|x64
		{AD49F0E4-C27B-4C02-9520-039CE6AE48F9}.Release|x64.Build.0 = Release|x64
		{644A9ACC-8DAD-4CD0-A0B4-786A470BD5DB}.Debug|Any CPU.ActiveCfg = Debug|Any CPU
		{644A9ACC-8DAD-4CD0-A0B4-786A470BD5DB}.Debug|Any CPU.Build.0 = Debug|Any CPU
		{644A9ACC-8DAD-4CD0-A0B4-786A470BD5DB}.Debug|Mixed Platforms.ActiveCfg = Debug|x86
		{644A9ACC-8DAD-4CD0-A0B4-786A470BD5DB}.Debug|Mixed Platforms.Build.0 = Debug|x86
		{644A9ACC-8DAD-4CD0-A0B4-786A470BD5DB}.Debug|Win32.ActiveCfg = Debug|x86
		{644A9ACC-8DAD-4CD0-A0B4-786A470BD5DB}.Debug|Win32.Build.0 = Debug|x86
		{644A9ACC-8DAD-4CD0-A0B4-786A470BD5DB}.Debug|x64.ActiveCfg = Debug|x64
		{644A9ACC-8DAD-4CD0-A0B4-786A470BD5DB}.Debug|x64.Build.0 = Debug|x64
		{644A9ACC-8DAD-4CD0-A0B4-786A470BD5DB}.Release|Any CPU.ActiveCfg = Release|Any CPU
		{644A9ACC-8DAD-4CD0-A0B4-786A470BD5DB}.Release|Any CPU.Build.0 = Release|Any CPU
		{644A9ACC-8DAD-4CD0-A0B4-786A470BD5DB}.Release|Mixed Platforms.ActiveCfg = Release|x86
		{644A9ACC-8DAD-4CD0-A0B4-786A470BD5DB}.Release|Mixed Platforms.Build.0 = Release|x86
		{644A9ACC-8DAD-4CD0-A0B4-786A470BD5DB}.Release|Win32.ActiveCfg = Release|x86
		{644A9ACC-8DAD-4CD0-A0B4-786A470BD5DB}.Release|Win32.Build.0 = Release|x86
		{644A9ACC-8DAD-4CD0-A0B4-786A470BD5DB}.Release|x64.ActiveCfg = Release|x64
		{644A9ACC-8DAD-4CD0-A0B4-786A470BD5DB}.Release|x64.Build.0 = Release|x64
		{EA38AED8-9C67-4EEF-B240-37A779395E9A}.Debug|Any CPU.ActiveCfg = Debug|Any CPU
		{EA38AED8-9C67-4EEF-B240-37A779395E9A}.Debug|Any CPU.Build.0 = Debug|Any CPU
		{EA38AED8-9C67-4EEF-B240-37A779395E9A}.Debug|Mixed Platforms.ActiveCfg = Debug|x86
		{EA38AED8-9C67-4EEF-B240-37A779395E9A}.Debug|Mixed Platforms.Build.0 = Debug|x86
		{EA38AED8-9C67-4EEF-B240-37A779395E9A}.Debug|Win32.ActiveCfg = Debug|x86
		{EA38AED8-9C67-4EEF-B240-37A779395E9A}.Debug|Win32.Build.0 = Debug|x86
		{EA38AED8-9C67-4EEF-B240-37A779395E9A}.Debug|x64.ActiveCfg = Debug|x64
		{EA38AED8-9C67-4EEF-B240-37A779395E9A}.Debug|x64.Build.0 = Debug|x64
		{EA38AED8-9C67-4EEF-B240-37A779395E9A}.Release|Any CPU.ActiveCfg = Release|Any CPU
		{EA38AED8-9C67-4EEF-B240-37A779395E9A}.Release|Any CPU.Build.0 = Release|Any CPU
		{EA38AED8-9C67-4EEF-B240-37A779395E9A}.Release|Mixed Platforms.ActiveCfg = Release|x86
		{EA38AED8-9C67-4EEF-B240-37A779395E9A}.Release|Mixed Platforms.Build.0 = Release|x86
		{EA38AED8-9C67-4EEF-B240-37A779395E9A}.Release|Win32.ActiveCfg = Release|x86
		{EA38AED8-9C67-4EEF-B240-37A779395E9A}.Release|Win32.Build.0 = Release|x86
		{EA38AED8-9C67-4EEF-B240-37A779395E9A}.Release|x64.ActiveCfg = Release|x64
		{EA38AED8-9C67-4EEF-B240-37A779395E9A}.Release|x64.Build.0 = Release|x64
		{D997DE7A-0962-48BB-B52E-EB7937286DD1}.Debug|Any CPU.ActiveCfg = Debug|Any CPU
		{D997DE7A-0962-48BB-B52E-EB7937286DD1}.Debug|Any CPU.Build.0 = Debug|Any CPU
		{D997DE7A-0962-48BB-B52E-EB7937286DD1}.Debug|Mixed Platforms.ActiveCfg = Debug|x86
		{D997DE7A-0962-48BB-B52E-EB7937286DD1}.Debug|Mixed Platforms.Build.0 = Debug|x86
		{D997DE7A-0962-48BB-B52E-EB7937286DD1}.Debug|Win32.ActiveCfg = Debug|x86
		{D997DE7A-0962-48BB-B52E-EB7937286DD1}.Debug|Win32.Build.0 = Debug|x86
		{D997DE7A-0962-48BB-B52E-EB7937286DD1}.Debug|x64.ActiveCfg = Debug|x64
		{D997DE7A-0962-48BB-B52E-EB7937286DD1}.Debug|x64.Build.0 = Debug|x64
		{D997DE7A-0962-48BB-B52E-EB7937286DD1}.Release|Any CPU.ActiveCfg = Release|Any CPU
		{D997DE7A-0962-48BB-B52E-EB7937286DD1}.Release|Any CPU.Build.0 = Release|Any CPU
		{D997DE7A-0962-48BB-B52E-EB7937286DD1}.Release|Mixed Platforms.ActiveCfg = Release|x86
		{D997DE7A-0962-48BB-B52E-EB7937286DD1}.Release|Mixed Platforms.Build.0 = Release|x86
		{D997DE7A-0962-48BB-B52E-EB7937286DD1}.Release|Win32.ActiveCfg = Release|x86
		{D997DE7A-0962-48BB-B52E-EB7937286DD1}.Release|Win32.Build.0 = Release|x86
		{D997DE7A-0962-48BB-B52E-EB7937286DD1}.Release|x64.ActiveCfg = Release|x64
		{D997DE7A-0962-48BB-B52E-EB7937286DD1}.Release|x64.Build.0 = Release|x64
		{54EDFF10-759A-4A9D-913C-B040DBED2A17}.Debug|Any CPU.ActiveCfg = Debug|Any CPU
		{54EDFF10-759A-4A9D-913C-B040DBED2A17}.Debug|Any CPU.Build.0 = Debug|Any CPU
		{54EDFF10-759A-4A9D-913C-B040DBED2A17}.Debug|Mixed Platforms.ActiveCfg = Debug|x86
		{54EDFF10-759A-4A9D-913C-B040DBED2A17}.Debug|Mixed Platforms.Build.0 = Debug|x86
		{54EDFF10-759A-4A9D-913C-B040DBED2A17}.Debug|Win32.ActiveCfg = Debug|x86
		{54EDFF10-759A-4A9D-913C-B040DBED2A17}.Debug|Win32.Build.0 = Debug|x86
		{54EDFF10-759A-4A9D-913C-B040DBED2A17}.Debug|x64.ActiveCfg = Debug|x64
		{54EDFF10-759A-4A9D-913C-B040DBED2A17}.Debug|x64.Build.0 = Debug|x64
		{54EDFF10-759A-4A9D-913C-B040DBED2A17}.Release|Any CPU.ActiveCfg = Release|Any CPU
		{54EDFF10-759A-4A9D-913C-B040DBED2A17}.Release|Any CPU.Build.0 = Release|Any CPU
		{54EDFF10-759A-4A9D-913C-B040DBED2A17}.Release|Mixed Platforms.ActiveCfg = Release|x86
		{54EDFF10-759A-4A9D-913C-B040DBED2A17}.Release|Mixed Platforms.Build.0 = Release|x86
		{54EDFF10-759A-4A9D-913C-B040DBED2A17}.Release|Win32.ActiveCfg = Release|x86
		{54EDFF10-759A-4A9D-913C-B040DBED2A17}.Release|Win32.Build.0 = Release|x86
		{54EDFF10-759A-4A9D-913C-B040DBED2A17}.Release|x64.ActiveCfg = Release|x64
		{54EDFF10-759A-4A9D-913C-B040DBED2A17}.Release|x64.Build.0 = Release|x64
		{4D467559-E35D-45BE-924C-2FC195DD8931}.Debug|Any CPU.ActiveCfg = Debug|Any CPU
		{4D467559-E35D-45BE-924C-2FC195DD8931}.Debug|Any CPU.Build.0 = Debug|Any CPU
		{4D467559-E35D-45BE-924C-2FC195DD8931}.Debug|Mixed Platforms.ActiveCfg = Debug|Any CPU
		{4D467559-E35D-45BE-924C-2FC195DD8931}.Debug|Mixed Platforms.Build.0 = Debug|Any CPU
		{4D467559-E35D-45BE-924C-2FC195DD8931}.Debug|Win32.ActiveCfg = Debug|Any CPU
		{4D467559-E35D-45BE-924C-2FC195DD8931}.Debug|x64.ActiveCfg = Debug|Any CPU
		{4D467559-E35D-45BE-924C-2FC195DD8931}.Release|Any CPU.ActiveCfg = Release|Any CPU
		{4D467559-E35D-45BE-924C-2FC195DD8931}.Release|Any CPU.Build.0 = Release|Any CPU
		{4D467559-E35D-45BE-924C-2FC195DD8931}.Release|Mixed Platforms.ActiveCfg = Release|Any CPU
		{4D467559-E35D-45BE-924C-2FC195DD8931}.Release|Mixed Platforms.Build.0 = Release|Any CPU
		{4D467559-E35D-45BE-924C-2FC195DD8931}.Release|Win32.ActiveCfg = Release|Any CPU
		{4D467559-E35D-45BE-924C-2FC195DD8931}.Release|x64.ActiveCfg = Release|Any CPU
	EndGlobalSection
	GlobalSection(SolutionProperties) = preSolution
		HideSolutionNode = FALSE
	EndGlobalSection
	GlobalSection(ExtensibilityGlobals) = postSolution
		VisualSVNWorkingCopyRoot = .
	EndGlobalSection
EndGlobal
